PODS:
  - AvatarImageView (2.2.0)
  - Bolts (1.9.0):
    - Bolts/AppLinks (= 1.9.0)
    - Bolts/Tasks (= 1.9.0)
  - Bolts/AppLinks (1.9.0):
    - Bolts/Tasks
  - Bolts/Tasks (1.9.0)
  - FacebookCore (0.5.0):
    - Bolts (~> 1.9)
    - FBSDKCoreKit (~> 4.37)
  - FacebookLogin (0.5.0):
    - Bolts (~> 1.9)
    - FacebookCore (~> 0.5)
    - FBSDKCoreKit (~> 4.37)
    - FBSDKLoginKit (~> 4.37)
  - FacebookSDK (4.38.0):
    - Bolts (~> 1.9)
    - FacebookSDK/CoreKit (= 4.38.0)
    - FacebookSDK/MarketingKit (= 4.38.0)
  - FacebookSDK/CoreKit (4.38.0):
    - Bolts (~> 1.9)
    - FBSDKCoreKit
  - FacebookSDK/MarketingKit (4.38.0):
    - Bolts (~> 1.9)
    - FacebookSDK/CoreKit
    - FBSDKMarketingKit
  - FBSDKCoreKit (4.39.1):
    - Bolts (~> 1.9)
  - FBSDKLoginKit (4.39.1):
    - FBSDKCoreKit
  - FBSDKMarketingKit (4.38.0):
    - FBSDKCoreKit
  - SideMenu (5.0.3)

DEPENDENCIES:
  - AvatarImageView (~> 2.2.0)
  - FacebookLogin
  - FacebookSDK
  - SideMenu

SPEC REPOS:
  https://github.com/cocoapods/specs.git:
    - AvatarImageView
    - Bolts
    - FacebookCore
    - FacebookLogin
    - FacebookSDK
    - FBSDKCoreKit
    - FBSDKLoginKit
    - FBSDKMarketingKit
    - SideMenu

SPEC CHECKSUMS:
  AvatarImageView: afe8e7eb50181ca3f095e21034f245676b535c55
  Bolts: ac6567323eac61e203f6a9763667d0f711be34c8
  FacebookCore: 74288d0add931d361b1596beae787ab72c438249
  FacebookLogin: ebcf34714a1cb9f0759d9f071cfb01ed500996cf
  FacebookSDK: 73f54b8b94e09b05647cdef0af147f470cd3edc6
  FBSDKCoreKit: f442aa96179cc9b382bb4abeb7e340a47cca8f91
  FBSDKLoginKit: c3079d9a4db27c492287b1eed7a4272b28cf8a59
  FBSDKMarketingKit: e609f39d74ab273cf52e2f8b7e8829ed412b2827
  SideMenu: 1dcaabce84538c53325c287f7fe62999379a641c

PODFILE CHECKSUM: 6ac9ffb0eb0aac8804c20f74964f0c87fe914528

COCOAPODS: 1.5.3
