// !$*UTF8*$!
{
	archiveVersion = 1;
	classes = {
	};
	objectVersion = 50;
	objects = {

/* Begin PBXBuildFile section */
		5409322121F730A1001271FA /* changePasswordViewController.swift in Sources */ = {isa = PBXBuildFile; fileRef = 5409322021F730A1001271FA /* changePasswordViewController.swift */; };
		5409322321F74C40001271FA /* AddFriendsTableview.swift in Sources */ = {isa = PBXBuildFile; fileRef = 5409322221F74C40001271FA /* AddFriendsTableview.swift */; };
		5409322521F7B042001271FA /* HomeRunningViewController.swift in Sources */ = {isa = PBXBuildFile; fileRef = 5409322421F7B042001271FA /* HomeRunningViewController.swift */; };
		5409322821F85DCB001271FA /* CreatePlanViewController.swift in Sources */ = {isa = PBXBuildFile; fileRef = 5409322721F85DCB001271FA /* CreatePlanViewController.swift */; };
		5409323221F8A06C001271FA /* ExerciseClass.swift in Sources */ = {isa = PBXBuildFile; fileRef = 5409323121F8A06C001271FA /* ExerciseClass.swift */; };
		5409323421F9C977001271FA /* FitnessplanTableViewController.swift in Sources */ = {isa = PBXBuildFile; fileRef = 5409323321F9C977001271FA /* FitnessplanTableViewController.swift */; };
		5409323621F9CC45001271FA /* PlanExercisesTableView.swift in Sources */ = {isa = PBXBuildFile; fileRef = 5409323521F9CC45001271FA /* PlanExercisesTableView.swift */; };
		5409323A21F9EFBF001271FA /* execiseDetail.swift in Sources */ = {isa = PBXBuildFile; fileRef = 5409323921F9EFBF001271FA /* execiseDetail.swift */; };
		5409323C21F9F2A8001271FA /* ShareFitnessPlanViewController.swift in Sources */ = {isa = PBXBuildFile; fileRef = 5409323B21F9F2A8001271FA /* ShareFitnessPlanViewController.swift */; };
		542FA3B921E75D040080F254 /* Fitness_app.xcdatamodeld in Sources */ = {isa = PBXBuildFile; fileRef = 542FA3B721E75D040080F254 /* Fitness_app.xcdatamodeld */; };
		542FA3BC21E75FC60080F254 /* RunDetailsViewController.swift in Sources */ = {isa = PBXBuildFile; fileRef = 542FA3BB21E75FC60080F254 /* RunDetailsViewController.swift */; };
		542FA3BE21E760400080F254 /* NewRunViewController.swift in Sources */ = {isa = PBXBuildFile; fileRef = 542FA3BD21E760400080F254 /* NewRunViewController.swift */; };
		542FA3C121E7742E0080F254 /* UnitExtensions.swift in Sources */ = {isa = PBXBuildFile; fileRef = 542FA3C021E7742E0080F254 /* UnitExtensions.swift */; };
		542FA3C321E7774C0080F254 /* FormatDisplay.swift in Sources */ = {isa = PBXBuildFile; fileRef = 542FA3C221E7774C0080F254 /* FormatDisplay.swift */; };
		542FA3C521E777F60080F254 /* LocationManager.swift in Sources */ = {isa = PBXBuildFile; fileRef = 542FA3C421E777F60080F254 /* LocationManager.swift */; };
		543AB4C021BAAA74001F64FA /* UserViewController.swift in Sources */ = {isa = PBXBuildFile; fileRef = 543AB4BF21BAAA74001F64FA /* UserViewController.swift */; };
		5470DF9621B2FD1D0010B9FB /* SignupViewController.swift in Sources */ = {isa = PBXBuildFile; fileRef = 5470DF9521B2FD1D0010B9FB /* SignupViewController.swift */; };
		5484160421E3E71A005436E2 /* Signup2Viewcontroller.swift in Sources */ = {isa = PBXBuildFile; fileRef = 5484160321E3E71A005436E2 /* Signup2Viewcontroller.swift */; };
		54841F0A21EE2E4900654795 /* FindPotentielleUsers.swift in Sources */ = {isa = PBXBuildFile; fileRef = 54841F0921EE2E4900654795 /* FindPotentielleUsers.swift */; };
		54841F0C21EE2FD500654795 /* Cell.swift in Sources */ = {isa = PBXBuildFile; fileRef = 54841F0B21EE2FD500654795 /* Cell.swift */; };
		54841F0E21EE300000654795 /* FindPotentielleUsersCell.swift in Sources */ = {isa = PBXBuildFile; fileRef = 54841F0D21EE300000654795 /* FindPotentielleUsersCell.swift */; };
		54841F1021EE32C200654795 /* PotentielleUsersDetail.swift in Sources */ = {isa = PBXBuildFile; fileRef = 54841F0F21EE32C200654795 /* PotentielleUsersDetail.swift */; };
		54841F1621EF718800654795 /* ProfilePicstruct.swift in Sources */ = {isa = PBXBuildFile; fileRef = 54841F1521EF718800654795 /* ProfilePicstruct.swift */; };
		54841F1821F0A33700654795 /* SearchTableViewController.swift in Sources */ = {isa = PBXBuildFile; fileRef = 54841F1721F0A33700654795 /* SearchTableViewController.swift */; };
		54841F1A21F0B48900654795 /* Assets.xcassets in Resources */ = {isa = PBXBuildFile; fileRef = 54841F1921F0B48800654795 /* Assets.xcassets */; };
		54841F1C21F0B77200654795 /* PendingRequestTableViewController.swift in Sources */ = {isa = PBXBuildFile; fileRef = 54841F1B21F0B77200654795 /* PendingRequestTableViewController.swift */; };
		54841F1E21F0BA1600654795 /* PendingRequestDetailViewController.swift in Sources */ = {isa = PBXBuildFile; fileRef = 54841F1D21F0BA1600654795 /* PendingRequestDetailViewController.swift */; };
		54841F2021F22F2900654795 /* ShowFriendsTableViewController.swift in Sources */ = {isa = PBXBuildFile; fileRef = 54841F1F21F22F2900654795 /* ShowFriendsTableViewController.swift */; };
		54A3D12A21E78DBE005ECAFB /* MulticolorPolyLine.swift in Sources */ = {isa = PBXBuildFile; fileRef = 54A3D12921E78DBE005ECAFB /* MulticolorPolyLine.swift */; };
		54A3D12C21E790B4005ECAFB /* CoreDataStack.swift in Sources */ = {isa = PBXBuildFile; fileRef = 54A3D12B21E790B4005ECAFB /* CoreDataStack.swift */; };
		54A3D12E21E79F09005ECAFB /* StoryboardSupport.swift in Sources */ = {isa = PBXBuildFile; fileRef = 54A3D12D21E79F09005ECAFB /* StoryboardSupport.swift */; };
		54B25BCC21C3E38100656F1F /* MainpageViewController.swift in Sources */ = {isa = PBXBuildFile; fileRef = 54B25BCB21C3E38100656F1F /* MainpageViewController.swift */; };
		54BDD34621FB20770028BA41 /* GlobalVar.swift in Sources */ = {isa = PBXBuildFile; fileRef = 54BDD34521FB20770028BA41 /* GlobalVar.swift */; };
		54D7E91B21F4BDFC000767CD /* UserStruckt.swift in Sources */ = {isa = PBXBuildFile; fileRef = 54D7E91A21F4BDFC000767CD /* UserStruckt.swift */; };
		54D7E91D21F5DF69000767CD /* RunTableviewCell.swift in Sources */ = {isa = PBXBuildFile; fileRef = 54D7E91C21F5DF69000767CD /* RunTableviewCell.swift */; };
		54D7E91F21F5E0D8000767CD /* savedRunTableViewController.swift in Sources */ = {isa = PBXBuildFile; fileRef = 54D7E91E21F5E0D8000767CD /* savedRunTableViewController.swift */; };
		54DD9FB92181B4830043FC3A /* AppDelegate.swift in Sources */ = {isa = PBXBuildFile; fileRef = 54DD9FB82181B4830043FC3A /* AppDelegate.swift */; };
		54DD9FBB2181B4830043FC3A /* ViewController.swift in Sources */ = {isa = PBXBuildFile; fileRef = 54DD9FBA2181B4830043FC3A /* ViewController.swift */; };
		54DD9FBE2181B4830043FC3A /* Main.storyboard in Resources */ = {isa = PBXBuildFile; fileRef = 54DD9FBC2181B4830043FC3A /* Main.storyboard */; };
		54DD9FC62181B4830043FC3A /* LaunchScreen.storyboard in Resources */ = {isa = PBXBuildFile; fileRef = 54DD9FC42181B4830043FC3A /* LaunchScreen.storyboard */; };
		6B7E76BE3DED2CD1DF1D7CD4 /* Pods_Fitness_app.framework in Frameworks */ = {isa = PBXBuildFile; fileRef = 1E08A286ED79BB1967BA18AD /* Pods_Fitness_app.framework */; };
/* End PBXBuildFile section */

/* Begin PBXFileReference section */
		09290A30B0F961303CEBCCDD /* Pods-Fitness app.release.xcconfig */ = {isa = PBXFileReference; includeInIndex = 1; lastKnownFileType = text.xcconfig; name = "Pods-Fitness app.release.xcconfig"; path = "Pods/Target Support Files/Pods-Fitness app/Pods-Fitness app.release.xcconfig"; sourceTree = "<group>"; };
		1E08A286ED79BB1967BA18AD /* Pods_Fitness_app.framework */ = {isa = PBXFileReference; explicitFileType = wrapper.framework; includeInIndex = 0; path = Pods_Fitness_app.framework; sourceTree = BUILT_PRODUCTS_DIR; };
		5409322021F730A1001271FA /* changePasswordViewController.swift */ = {isa = PBXFileReference; lastKnownFileType = sourcecode.swift; path = changePasswordViewController.swift; sourceTree = "<group>"; };
		5409322221F74C40001271FA /* AddFriendsTableview.swift */ = {isa = PBXFileReference; lastKnownFileType = sourcecode.swift; path = AddFriendsTableview.swift; sourceTree = "<group>"; };
		5409322421F7B042001271FA /* HomeRunningViewController.swift */ = {isa = PBXFileReference; lastKnownFileType = sourcecode.swift; path = HomeRunningViewController.swift; sourceTree = "<group>"; };
		5409322721F85DCB001271FA /* CreatePlanViewController.swift */ = {isa = PBXFileReference; lastKnownFileType = sourcecode.swift; path = CreatePlanViewController.swift; sourceTree = "<group>"; };
		5409323121F8A06C001271FA /* ExerciseClass.swift */ = {isa = PBXFileReference; lastKnownFileType = sourcecode.swift; path = ExerciseClass.swift; sourceTree = "<group>"; };
		5409323321F9C977001271FA /* FitnessplanTableViewController.swift */ = {isa = PBXFileReference; lastKnownFileType = sourcecode.swift; path = FitnessplanTableViewController.swift; sourceTree = "<group>"; };
		5409323521F9CC45001271FA /* PlanExercisesTableView.swift */ = {isa = PBXFileReference; lastKnownFileType = sourcecode.swift; path = PlanExercisesTableView.swift; sourceTree = "<group>"; };
		5409323921F9EFBF001271FA /* execiseDetail.swift */ = {isa = PBXFileReference; lastKnownFileType = sourcecode.swift; path = execiseDetail.swift; sourceTree = "<group>"; };
		5409323B21F9F2A8001271FA /* ShareFitnessPlanViewController.swift */ = {isa = PBXFileReference; lastKnownFileType = sourcecode.swift; path = ShareFitnessPlanViewController.swift; sourceTree = "<group>"; };
		542FA3B821E75D040080F254 /* Fitness_app.xcdatamodel */ = {isa = PBXFileReference; lastKnownFileType = wrapper.xcdatamodel; path = Fitness_app.xcdatamodel; sourceTree = "<group>"; };
		542FA3BB21E75FC60080F254 /* RunDetailsViewController.swift */ = {isa = PBXFileReference; lastKnownFileType = sourcecode.swift; path = RunDetailsViewController.swift; sourceTree = "<group>"; };
		542FA3BD21E760400080F254 /* NewRunViewController.swift */ = {isa = PBXFileReference; lastKnownFileType = sourcecode.swift; path = NewRunViewController.swift; sourceTree = "<group>"; };
		542FA3C021E7742E0080F254 /* UnitExtensions.swift */ = {isa = PBXFileReference; lastKnownFileType = sourcecode.swift; path = UnitExtensions.swift; sourceTree = "<group>"; };
		542FA3C221E7774C0080F254 /* FormatDisplay.swift */ = {isa = PBXFileReference; lastKnownFileType = sourcecode.swift; path = FormatDisplay.swift; sourceTree = "<group>"; };
		542FA3C421E777F60080F254 /* LocationManager.swift */ = {isa = PBXFileReference; lastKnownFileType = sourcecode.swift; path = LocationManager.swift; sourceTree = "<group>"; };
		543AB4BF21BAAA74001F64FA /* UserViewController.swift */ = {isa = PBXFileReference; lastKnownFileType = sourcecode.swift; path = UserViewController.swift; sourceTree = "<group>"; };
		5470DF9521B2FD1D0010B9FB /* SignupViewController.swift */ = {isa = PBXFileReference; lastKnownFileType = sourcecode.swift; path = SignupViewController.swift; sourceTree = "<group>"; };
		5484160321E3E71A005436E2 /* Signup2Viewcontroller.swift */ = {isa = PBXFileReference; lastKnownFileType = sourcecode.swift; path = Signup2Viewcontroller.swift; sourceTree = "<group>"; };
		54841F0921EE2E4900654795 /* FindPotentielleUsers.swift */ = {isa = PBXFileReference; lastKnownFileType = sourcecode.swift; path = FindPotentielleUsers.swift; sourceTree = "<group>"; };
		54841F0B21EE2FD500654795 /* Cell.swift */ = {isa = PBXFileReference; lastKnownFileType = sourcecode.swift; path = Cell.swift; sourceTree = "<group>"; };
		54841F0D21EE300000654795 /* FindPotentielleUsersCell.swift */ = {isa = PBXFileReference; lastKnownFileType = sourcecode.swift; path = FindPotentielleUsersCell.swift; sourceTree = "<group>"; };
		54841F0F21EE32C200654795 /* PotentielleUsersDetail.swift */ = {isa = PBXFileReference; lastKnownFileType = sourcecode.swift; path = PotentielleUsersDetail.swift; sourceTree = "<group>"; };
		54841F1521EF718800654795 /* ProfilePicstruct.swift */ = {isa = PBXFileReference; lastKnownFileType = sourcecode.swift; path = ProfilePicstruct.swift; sourceTree = "<group>"; };
		54841F1721F0A33700654795 /* SearchTableViewController.swift */ = {isa = PBXFileReference; lastKnownFileType = sourcecode.swift; path = SearchTableViewController.swift; sourceTree = "<group>"; };
		54841F1921F0B48800654795 /* Assets.xcassets */ = {isa = PBXFileReference; lastKnownFileType = folder.assetcatalog; path = Assets.xcassets; sourceTree = "<group>"; };
		54841F1B21F0B77200654795 /* PendingRequestTableViewController.swift */ = {isa = PBXFileReference; lastKnownFileType = sourcecode.swift; path = PendingRequestTableViewController.swift; sourceTree = "<group>"; };
		54841F1D21F0BA1600654795 /* PendingRequestDetailViewController.swift */ = {isa = PBXFileReference; lastKnownFileType = sourcecode.swift; path = PendingRequestDetailViewController.swift; sourceTree = "<group>"; };
		54841F1F21F22F2900654795 /* ShowFriendsTableViewController.swift */ = {isa = PBXFileReference; lastKnownFileType = sourcecode.swift; path = ShowFriendsTableViewController.swift; sourceTree = "<group>"; };
		54A3D12921E78DBE005ECAFB /* MulticolorPolyLine.swift */ = {isa = PBXFileReference; lastKnownFileType = sourcecode.swift; path = MulticolorPolyLine.swift; sourceTree = "<group>"; };
		54A3D12B21E790B4005ECAFB /* CoreDataStack.swift */ = {isa = PBXFileReference; lastKnownFileType = sourcecode.swift; path = CoreDataStack.swift; sourceTree = "<group>"; };
		54A3D12D21E79F09005ECAFB /* StoryboardSupport.swift */ = {isa = PBXFileReference; lastKnownFileType = sourcecode.swift; path = StoryboardSupport.swift; sourceTree = "<group>"; };
		54B25BCB21C3E38100656F1F /* MainpageViewController.swift */ = {isa = PBXFileReference; lastKnownFileType = sourcecode.swift; path = MainpageViewController.swift; sourceTree = "<group>"; };
		54BDD34521FB20770028BA41 /* GlobalVar.swift */ = {isa = PBXFileReference; lastKnownFileType = sourcecode.swift; path = GlobalVar.swift; sourceTree = "<group>"; };
		54D7E91A21F4BDFC000767CD /* UserStruckt.swift */ = {isa = PBXFileReference; lastKnownFileType = sourcecode.swift; path = UserStruckt.swift; sourceTree = "<group>"; };
		54D7E91C21F5DF69000767CD /* RunTableviewCell.swift */ = {isa = PBXFileReference; lastKnownFileType = sourcecode.swift; path = RunTableviewCell.swift; sourceTree = "<group>"; };
		54D7E91E21F5E0D8000767CD /* savedRunTableViewController.swift */ = {isa = PBXFileReference; lastKnownFileType = sourcecode.swift; path = savedRunTableViewController.swift; sourceTree = "<group>"; };
		54DD9FB52181B4830043FC3A /* Fitness app.app */ = {isa = PBXFileReference; explicitFileType = wrapper.application; includeInIndex = 0; path = "Fitness app.app"; sourceTree = BUILT_PRODUCTS_DIR; };
		54DD9FB82181B4830043FC3A /* AppDelegate.swift */ = {isa = PBXFileReference; lastKnownFileType = sourcecode.swift; path = AppDelegate.swift; sourceTree = "<group>"; };
		54DD9FBA2181B4830043FC3A /* ViewController.swift */ = {isa = PBXFileReference; lastKnownFileType = sourcecode.swift; path = ViewController.swift; sourceTree = "<group>"; };
		54DD9FBD2181B4830043FC3A /* Base */ = {isa = PBXFileReference; lastKnownFileType = file.storyboard; name = Base; path = Base.lproj/Main.storyboard; sourceTree = "<group>"; };
		54DD9FC52181B4830043FC3A /* Base */ = {isa = PBXFileReference; lastKnownFileType = file.storyboard; name = Base; path = Base.lproj/LaunchScreen.storyboard; sourceTree = "<group>"; };
		54DD9FC72181B4830043FC3A /* Info.plist */ = {isa = PBXFileReference; lastKnownFileType = text.plist.xml; path = Info.plist; sourceTree = "<group>"; };
		C6FE34AFC08AA0DC6CB703D1 /* Pods-Fitness app.debug.xcconfig */ = {isa = PBXFileReference; includeInIndex = 1; lastKnownFileType = text.xcconfig; name = "Pods-Fitness app.debug.xcconfig"; path = "Pods/Target Support Files/Pods-Fitness app/Pods-Fitness app.debug.xcconfig"; sourceTree = "<group>"; };
/* End PBXFileReference section */

/* Begin PBXFrameworksBuildPhase section */
		54DD9FB22181B4830043FC3A /* Frameworks */ = {
			isa = PBXFrameworksBuildPhase;
			buildActionMask = 2147483647;
			files = (
				6B7E76BE3DED2CD1DF1D7CD4 /* Pods_Fitness_app.framework in Frameworks */,
			);
			runOnlyForDeploymentPostprocessing = 0;
		};
/* End PBXFrameworksBuildPhase section */

/* Begin PBXGroup section */
		5409322621F85DB0001271FA /* FitenssSection */ = {
			isa = PBXGroup;
			children = (
				5409322721F85DCB001271FA /* CreatePlanViewController.swift */,
				5409323121F8A06C001271FA /* ExerciseClass.swift */,
				5409323321F9C977001271FA /* FitnessplanTableViewController.swift */,
				5409323521F9CC45001271FA /* PlanExercisesTableView.swift */,
				5409323921F9EFBF001271FA /* execiseDetail.swift */,
				5409323B21F9F2A8001271FA /* ShareFitnessPlanViewController.swift */,
			);
			path = FitenssSection;
			sourceTree = "<group>";
		};
		542FA3B121E7568A0080F254 /* CoreData */ = {
			isa = PBXGroup;
			children = (
				542FA3B721E75D040080F254 /* Fitness_app.xcdatamodeld */,
				54A3D12B21E790B4005ECAFB /* CoreDataStack.swift */,
			);
			path = CoreData;
			sourceTree = "<group>";
		};
		542FA3BA21E75F400080F254 /* RuningSection */ = {
			isa = PBXGroup;
			children = (
				54D7E91C21F5DF69000767CD /* RunTableviewCell.swift */,
				542FA3BB21E75FC60080F254 /* RunDetailsViewController.swift */,
				542FA3BD21E760400080F254 /* NewRunViewController.swift */,
				54D7E91E21F5E0D8000767CD /* savedRunTableViewController.swift */,
				5409322221F74C40001271FA /* AddFriendsTableview.swift */,
				5409322421F7B042001271FA /* HomeRunningViewController.swift */,
			);
			path = RuningSection;
			sourceTree = "<group>";
		};
		542FA3BF21E7740E0080F254 /* Suportfiles */ = {
			isa = PBXGroup;
			children = (
				542FA3C021E7742E0080F254 /* UnitExtensions.swift */,
				542FA3C221E7774C0080F254 /* FormatDisplay.swift */,
				542FA3C421E777F60080F254 /* LocationManager.swift */,
				54A3D12921E78DBE005ECAFB /* MulticolorPolyLine.swift */,
				54A3D12D21E79F09005ECAFB /* StoryboardSupport.swift */,
				54841F1521EF718800654795 /* ProfilePicstruct.swift */,
				54BDD34521FB20770028BA41 /* GlobalVar.swift */,
			);
			path = Suportfiles;
			sourceTree = "<group>";
		};
		54DD9FAC2181B4830043FC3A = {
			isa = PBXGroup;
			children = (
				54DD9FB72181B4830043FC3A /* Fitness app */,
				5409322621F85DB0001271FA /* FitenssSection */,
				542FA3BA21E75F400080F254 /* RuningSection */,
				542FA3B121E7568A0080F254 /* CoreData */,
				542FA3BF21E7740E0080F254 /* Suportfiles */,
				54DD9FB62181B4830043FC3A /* Products */,
				CE8084A67D319C0564B8F92B /* Pods */,
				AB73BBEC7A9B01435BAB4A50 /* Frameworks */,
			);
			sourceTree = "<group>";
		};
		54DD9FB62181B4830043FC3A /* Products */ = {
			isa = PBXGroup;
			children = (
				54DD9FB52181B4830043FC3A /* Fitness app.app */,
			);
			name = Products;
			sourceTree = "<group>";
		};
		54DD9FB72181B4830043FC3A /* Fitness app */ = {
			isa = PBXGroup;
			children = (
				54DD9FB82181B4830043FC3A /* AppDelegate.swift */,
				54DD9FBA2181B4830043FC3A /* ViewController.swift */,
				5470DF9521B2FD1D0010B9FB /* SignupViewController.swift */,
				5484160321E3E71A005436E2 /* Signup2Viewcontroller.swift */,
				543AB4BF21BAAA74001F64FA /* UserViewController.swift */,
				5409322021F730A1001271FA /* changePasswordViewController.swift */,
				54841F1921F0B48800654795 /* Assets.xcassets */,
				54DD9FBC2181B4830043FC3A /* Main.storyboard */,
				54DD9FC42181B4830043FC3A /* LaunchScreen.storyboard */,
				54DD9FC72181B4830043FC3A /* Info.plist */,
				54B25BCB21C3E38100656F1F /* MainpageViewController.swift */,
				54841F0921EE2E4900654795 /* FindPotentielleUsers.swift */,
				54841F0F21EE32C200654795 /* PotentielleUsersDetail.swift */,
				54841F0B21EE2FD500654795 /* Cell.swift */,
				54841F0D21EE300000654795 /* FindPotentielleUsersCell.swift */,
				54841F1721F0A33700654795 /* SearchTableViewController.swift */,
				54841F1B21F0B77200654795 /* PendingRequestTableViewController.swift */,
				54841F1D21F0BA1600654795 /* PendingRequestDetailViewController.swift */,
				54841F1F21F22F2900654795 /* ShowFriendsTableViewController.swift */,
				54D7E91A21F4BDFC000767CD /* UserStruckt.swift */,
			);
			path = "Fitness app";
			sourceTree = "<group>";
		};
		AB73BBEC7A9B01435BAB4A50 /* Frameworks */ = {
			isa = PBXGroup;
			children = (
				1E08A286ED79BB1967BA18AD /* Pods_Fitness_app.framework */,
			);
			name = Frameworks;
			sourceTree = "<group>";
		};
		CE8084A67D319C0564B8F92B /* Pods */ = {
			isa = PBXGroup;
			children = (
				C6FE34AFC08AA0DC6CB703D1 /* Pods-Fitness app.debug.xcconfig */,
				09290A30B0F961303CEBCCDD /* Pods-Fitness app.release.xcconfig */,
			);
			name = Pods;
			sourceTree = "<group>";
		};
/* End PBXGroup section */

/* Begin PBXNativeTarget section */
		54DD9FB42181B4830043FC3A /* Fitness app */ = {
			isa = PBXNativeTarget;
			buildConfigurationList = 54DD9FCA2181B4830043FC3A /* Build configuration list for PBXNativeTarget "Fitness app" */;
			buildPhases = (
				4282D29E74FAAA8D63841919 /* [CP] Check Pods Manifest.lock */,
				54DD9FB12181B4830043FC3A /* Sources */,
				54DD9FB22181B4830043FC3A /* Frameworks */,
				54DD9FB32181B4830043FC3A /* Resources */,
				C71FC4F534E6F68BC6308840 /* [CP] Embed Pods Frameworks */,
			);
			buildRules = (
			);
			dependencies = (
			);
			name = "Fitness app";
			productName = "Fitness app";
			productReference = 54DD9FB52181B4830043FC3A /* Fitness app.app */;
			productType = "com.apple.product-type.application";
		};
/* End PBXNativeTarget section */

/* Begin PBXProject section */
		54DD9FAD2181B4830043FC3A /* Project object */ = {
			isa = PBXProject;
			attributes = {
				LastSwiftUpdateCheck = 1000;
				LastUpgradeCheck = 1000;
				ORGANIZATIONNAME = "Tobias Brammer Fredriksen";
				TargetAttributes = {
					54DD9FB42181B4830043FC3A = {
						CreatedOnToolsVersion = 10.0;
						SystemCapabilities = {
							com.apple.BackgroundModes = {
								enabled = 1;
							};
						};
					};
				};
			};
			buildConfigurationList = 54DD9FB02181B4830043FC3A /* Build configuration list for PBXProject "Fitness app" */;
			compatibilityVersion = "Xcode 9.3";
			developmentRegion = en;
			hasScannedForEncodings = 0;
			knownRegions = (
				en,
				Base,
			);
			mainGroup = 54DD9FAC2181B4830043FC3A;
			productRefGroup = 54DD9FB62181B4830043FC3A /* Products */;
			projectDirPath = "";
			projectRoot = "";
			targets = (
				54DD9FB42181B4830043FC3A /* Fitness app */,
			);
		};
/* End PBXProject section */

/* Begin PBXResourcesBuildPhase section */
		54DD9FB32181B4830043FC3A /* Resources */ = {
			isa = PBXResourcesBuildPhase;
			buildActionMask = 2147483647;
			files = (
				54DD9FC62181B4830043FC3A /* LaunchScreen.storyboard in Resources */,
				54841F1A21F0B48900654795 /* Assets.xcassets in Resources */,
				54DD9FBE2181B4830043FC3A /* Main.storyboard in Resources */,
			);
			runOnlyForDeploymentPostprocessing = 0;
		};
/* End PBXResourcesBuildPhase section */

/* Begin PBXShellScriptBuildPhase section */
		4282D29E74FAAA8D63841919 /* [CP] Check Pods Manifest.lock */ = {
			isa = PBXShellScriptBuildPhase;
			buildActionMask = 2147483647;
			files = (
			);
			inputFileListPaths = (
			);
			inputPaths = (
				"${PODS_PODFILE_DIR_PATH}/Podfile.lock",
				"${PODS_ROOT}/Manifest.lock",
			);
			name = "[CP] Check Pods Manifest.lock";
			outputFileListPaths = (
			);
			outputPaths = (
				"$(DERIVED_FILE_DIR)/Pods-Fitness app-checkManifestLockResult.txt",
			);
			runOnlyForDeploymentPostprocessing = 0;
			shellPath = /bin/sh;
			shellScript = "diff \"${PODS_PODFILE_DIR_PATH}/Podfile.lock\" \"${PODS_ROOT}/Manifest.lock\" > /dev/null\nif [ $? != 0 ] ; then\n    # print error to STDERR\n    echo \"error: The sandbox is not in sync with the Podfile.lock. Run 'pod install' or update your CocoaPods installation.\" >&2\n    exit 1\nfi\n# This output is used by Xcode 'outputs' to avoid re-running this script phase.\necho \"SUCCESS\" > \"${SCRIPT_OUTPUT_FILE_0}\"\n";
			showEnvVarsInLog = 0;
		};
		C71FC4F534E6F68BC6308840 /* [CP] Embed Pods Frameworks */ = {
			isa = PBXShellScriptBuildPhase;
			buildActionMask = 2147483647;
			files = (
			);
			inputFileListPaths = (
			);
			inputPaths = (
				"${SRCROOT}/Pods/Target Support Files/Pods-Fitness app/Pods-Fitness app-frameworks.sh",
				"${BUILT_PRODUCTS_DIR}/AvatarImageView/AvatarImageView.framework",
				"${BUILT_PRODUCTS_DIR}/Bolts/Bolts.framework",
				"${BUILT_PRODUCTS_DIR}/FBSDKCoreKit/FBSDKCoreKit.framework",
				"${BUILT_PRODUCTS_DIR}/FBSDKLoginKit/FBSDKLoginKit.framework",
				"${BUILT_PRODUCTS_DIR}/FacebookCore/FacebookCore.framework",
				"${BUILT_PRODUCTS_DIR}/FacebookLogin/FacebookLogin.framework",
				"${BUILT_PRODUCTS_DIR}/SideMenu/SideMenu.framework",
			);
			name = "[CP] Embed Pods Frameworks";
			outputFileListPaths = (
			);
			outputPaths = (
				"${TARGET_BUILD_DIR}/${FRAMEWORKS_FOLDER_PATH}/AvatarImageView.framework",
				"${TARGET_BUILD_DIR}/${FRAMEWORKS_FOLDER_PATH}/Bolts.framework",
				"${TARGET_BUILD_DIR}/${FRAMEWORKS_FOLDER_PATH}/FBSDKCoreKit.framework",
				"${TARGET_BUILD_DIR}/${FRAMEWORKS_FOLDER_PATH}/FBSDKLoginKit.framework",
				"${TARGET_BUILD_DIR}/${FRAMEWORKS_FOLDER_PATH}/FacebookCore.framework",
				"${TARGET_BUILD_DIR}/${FRAMEWORKS_FOLDER_PATH}/FacebookLogin.framework",
				"${TARGET_BUILD_DIR}/${FRAMEWORKS_FOLDER_PATH}/SideMenu.framework",
			);
			runOnlyForDeploymentPostprocessing = 0;
			shellPath = /bin/sh;
			shellScript = "\"${SRCROOT}/Pods/Target Support Files/Pods-Fitness app/Pods-Fitness app-frameworks.sh\"\n";
			showEnvVarsInLog = 0;
		};
/* End PBXShellScriptBuildPhase section */

/* Begin PBXSourcesBuildPhase section */
		54DD9FB12181B4830043FC3A /* Sources */ = {
			isa = PBXSourcesBuildPhase;
			buildActionMask = 2147483647;
			files = (
				543AB4C021BAAA74001F64FA /* UserViewController.swift in Sources */,
				542FA3C121E7742E0080F254 /* UnitExtensions.swift in Sources */,
				5409322321F74C40001271FA /* AddFriendsTableview.swift in Sources */,
				54841F2021F22F2900654795 /* ShowFriendsTableViewController.swift in Sources */,
				54D7E91D21F5DF69000767CD /* RunTableviewCell.swift in Sources */,
				54D7E91B21F4BDFC000767CD /* UserStruckt.swift in Sources */,
				5409322121F730A1001271FA /* changePasswordViewController.swift in Sources */,
				54A3D12E21E79F09005ECAFB /* StoryboardSupport.swift in Sources */,
				5484160421E3E71A005436E2 /* Signup2Viewcontroller.swift in Sources */,
				54841F1E21F0BA1600654795 /* PendingRequestDetailViewController.swift in Sources */,
				54DD9FBB2181B4830043FC3A /* ViewController.swift in Sources */,
				5409323C21F9F2A8001271FA /* ShareFitnessPlanViewController.swift in Sources */,
				54841F0C21EE2FD500654795 /* Cell.swift in Sources */,
				542FA3BC21E75FC60080F254 /* RunDetailsViewController.swift in Sources */,
				54841F1621EF718800654795 /* ProfilePicstruct.swift in Sources */,
				54BDD34621FB20770028BA41 /* GlobalVar.swift in Sources */,
				5470DF9621B2FD1D0010B9FB /* SignupViewController.swift in Sources */,
				54B25BCC21C3E38100656F1F /* MainpageViewController.swift in Sources */,
				5409322821F85DCB001271FA /* CreatePlanViewController.swift in Sources */,
				54841F1821F0A33700654795 /* SearchTableViewController.swift in Sources */,
				5409323621F9CC45001271FA /* PlanExercisesTableView.swift in Sources */,
				54841F0A21EE2E4900654795 /* FindPotentielleUsers.swift in Sources */,
				54A3D12C21E790B4005ECAFB /* CoreDataStack.swift in Sources */,
				54D7E91F21F5E0D8000767CD /* savedRunTableViewController.swift in Sources */,
				54A3D12A21E78DBE005ECAFB /* MulticolorPolyLine.swift in Sources */,
				54DD9FB92181B4830043FC3A /* AppDelegate.swift in Sources */,
				54841F0E21EE300000654795 /* FindPotentielleUsersCell.swift in Sources */,
				5409322521F7B042001271FA /* HomeRunningViewController.swift in Sources */,
				542FA3C521E777F60080F254 /* LocationManager.swift in Sources */,
				542FA3BE21E760400080F254 /* NewRunViewController.swift in Sources */,
				5409323421F9C977001271FA /* FitnessplanTableViewController.swift in Sources */,
				54841F1021EE32C200654795 /* PotentielleUsersDetail.swift in Sources */,
				5409323A21F9EFBF001271FA /* execiseDetail.swift in Sources */,
				5409323221F8A06C001271FA /* ExerciseClass.swift in Sources */,
				542FA3B921E75D040080F254 /* Fitness_app.xcdatamodeld in Sources */,
				542FA3C321E7774C0080F254 /* FormatDisplay.swift in Sources */,
				54841F1C21F0B77200654795 /* PendingRequestTableViewController.swift in Sources */,
			);
			runOnlyForDeploymentPostprocessing = 0;
		};
/* End PBXSourcesBuildPhase section */

/* Begin PBXVariantGroup section */
		54DD9FBC2181B4830043FC3A /* Main.storyboard */ = {
			isa = PBXVariantGroup;
			children = (
				54DD9FBD2181B4830043FC3A /* Base */,
			);
			name = Main.storyboard;
			sourceTree = "<group>";
		};
		54DD9FC42181B4830043FC3A /* LaunchScreen.storyboard */ = {
			isa = PBXVariantGroup;
			children = (
				54DD9FC52181B4830043FC3A /* Base */,
			);
			name = LaunchScreen.storyboard;
			sourceTree = "<group>";
		};
/* End PBXVariantGroup section */

/* Begin XCBuildConfiguration section */
		54DD9FC82181B4830043FC3A /* Debug */ = {
			isa = XCBuildConfiguration;
			buildSettings = {
				ALWAYS_SEARCH_USER_PATHS = NO;
				CLANG_ANALYZER_NONNULL = YES;
				CLANG_ANALYZER_NUMBER_OBJECT_CONVERSION = YES_AGGRESSIVE;
				CLANG_CXX_LANGUAGE_STANDARD = "gnu++14";
				CLANG_CXX_LIBRARY = "libc++";
				CLANG_ENABLE_MODULES = YES;
				CLANG_ENABLE_OBJC_ARC = YES;
				CLANG_ENABLE_OBJC_WEAK = YES;
				CLANG_WARN_BLOCK_CAPTURE_AUTORELEASING = YES;
				CLANG_WARN_BOOL_CONVERSION = YES;
				CLANG_WARN_COMMA = YES;
				CLANG_WARN_CONSTANT_CONVERSION = YES;
				CLANG_WARN_DEPRECATED_OBJC_IMPLEMENTATIONS = YES;
				CLANG_WARN_DIRECT_OBJC_ISA_USAGE = YES_ERROR;
				CLANG_WARN_DOCUMENTATION_COMMENTS = YES;
				CLANG_WARN_EMPTY_BODY = YES;
				CLANG_WARN_ENUM_CONVERSION = YES;
				CLANG_WARN_INFINITE_RECURSION = YES;
				CLANG_WARN_INT_CONVERSION = YES;
				CLANG_WARN_NON_LITERAL_NULL_CONVERSION = YES;
				CLANG_WARN_OBJC_IMPLICIT_RETAIN_SELF = YES;
				CLANG_WARN_OBJC_LITERAL_CONVERSION = YES;
				CLANG_WARN_OBJC_ROOT_CLASS = YES_ERROR;
				CLANG_WARN_RANGE_LOOP_ANALYSIS = YES;
				CLANG_WARN_STRICT_PROTOTYPES = YES;
				CLANG_WARN_SUSPICIOUS_MOVE = YES;
				CLANG_WARN_UNGUARDED_AVAILABILITY = YES_AGGRESSIVE;
				CLANG_WARN_UNREACHABLE_CODE = YES;
				CLANG_WARN__DUPLICATE_METHOD_MATCH = YES;
				CODE_SIGN_IDENTITY = "iPhone Developer";
				COPY_PHASE_STRIP = NO;
				DEBUG_INFORMATION_FORMAT = dwarf;
				ENABLE_STRICT_OBJC_MSGSEND = YES;
				ENABLE_TESTABILITY = YES;
				GCC_C_LANGUAGE_STANDARD = gnu11;
				GCC_DYNAMIC_NO_PIC = NO;
				GCC_NO_COMMON_BLOCKS = YES;
				GCC_OPTIMIZATION_LEVEL = 0;
				GCC_PREPROCESSOR_DEFINITIONS = (
					"DEBUG=1",
					"$(inherited)",
				);
				GCC_WARN_64_TO_32_BIT_CONVERSION = YES;
				GCC_WARN_ABOUT_RETURN_TYPE = YES_ERROR;
				GCC_WARN_UNDECLARED_SELECTOR = YES;
				GCC_WARN_UNINITIALIZED_AUTOS = YES_AGGRESSIVE;
				GCC_WARN_UNUSED_FUNCTION = YES;
				GCC_WARN_UNUSED_VARIABLE = YES;
				IPHONEOS_DEPLOYMENT_TARGET = 12.0;
				MTL_ENABLE_DEBUG_INFO = INCLUDE_SOURCE;
				MTL_FAST_MATH = YES;
				ONLY_ACTIVE_ARCH = YES;
				SDKROOT = iphoneos;
				SWIFT_ACTIVE_COMPILATION_CONDITIONS = DEBUG;
				SWIFT_OPTIMIZATION_LEVEL = "-Onone";
			};
			name = Debug;
		};
		54DD9FC92181B4830043FC3A /* Release */ = {
			isa = XCBuildConfiguration;
			buildSettings = {
				ALWAYS_SEARCH_USER_PATHS = NO;
				CLANG_ANALYZER_NONNULL = YES;
				CLANG_ANALYZER_NUMBER_OBJECT_CONVERSION = YES_AGGRESSIVE;
				CLANG_CXX_LANGUAGE_STANDARD = "gnu++14";
				CLANG_CXX_LIBRARY = "libc++";
				CLANG_ENABLE_MODULES = YES;
				CLANG_ENABLE_OBJC_ARC = YES;
				CLANG_ENABLE_OBJC_WEAK = YES;
				CLANG_WARN_BLOCK_CAPTURE_AUTORELEASING = YES;
				CLANG_WARN_BOOL_CONVERSION = YES;
				CLANG_WARN_COMMA = YES;
				CLANG_WARN_CONSTANT_CONVERSION = YES;
				CLANG_WARN_DEPRECATED_OBJC_IMPLEMENTATIONS = YES;
				CLANG_WARN_DIRECT_OBJC_ISA_USAGE = YES_ERROR;
				CLANG_WARN_DOCUMENTATION_COMMENTS = YES;
				CLANG_WARN_EMPTY_BODY = YES;
				CLANG_WARN_ENUM_CONVERSION = YES;
				CLANG_WARN_INFINITE_RECURSION = YES;
				CLANG_WARN_INT_CONVERSION = YES;
				CLANG_WARN_NON_LITERAL_NULL_CONVERSION = YES;
				CLANG_WARN_OBJC_IMPLICIT_RETAIN_SELF = YES;
				CLANG_WARN_OBJC_LITERAL_CONVERSION = YES;
				CLANG_WARN_OBJC_ROOT_CLASS = YES_ERROR;
				CLANG_WARN_RANGE_LOOP_ANALYSIS = YES;
				CLANG_WARN_STRICT_PROTOTYPES = YES;
				CLANG_WARN_SUSPICIOUS_MOVE = YES;
				CLANG_WARN_UNGUARDED_AVAILABILITY = YES_AGGRESSIVE;
				CLANG_WARN_UNREACHABLE_CODE = YES;
				CLANG_WARN__DUPLICATE_METHOD_MATCH = YES;
				CODE_SIGN_IDENTITY = "iPhone Developer";
				COPY_PHASE_STRIP = NO;
				DEBUG_INFORMATION_FORMAT = "dwarf-with-dsym";
				ENABLE_NS_ASSERTIONS = NO;
				ENABLE_STRICT_OBJC_MSGSEND = YES;
				GCC_C_LANGUAGE_STANDARD = gnu11;
				GCC_NO_COMMON_BLOCKS = YES;
				GCC_WARN_64_TO_32_BIT_CONVERSION = YES;
				GCC_WARN_ABOUT_RETURN_TYPE = YES_ERROR;
				GCC_WARN_UNDECLARED_SELECTOR = YES;
				GCC_WARN_UNINITIALIZED_AUTOS = YES_AGGRESSIVE;
				GCC_WARN_UNUSED_FUNCTION = YES;
				GCC_WARN_UNUSED_VARIABLE = YES;
				IPHONEOS_DEPLOYMENT_TARGET = 12.0;
				MTL_ENABLE_DEBUG_INFO = NO;
				MTL_FAST_MATH = YES;
				SDKROOT = iphoneos;
				SWIFT_COMPILATION_MODE = wholemodule;
				SWIFT_OPTIMIZATION_LEVEL = "-O";
				VALIDATE_PRODUCT = YES;
			};
			name = Release;
		};
		54DD9FCB2181B4830043FC3A /* Debug */ = {
			isa = XCBuildConfiguration;
			baseConfigurationReference = C6FE34AFC08AA0DC6CB703D1 /* Pods-Fitness app.debug.xcconfig */;
			buildSettings = {
				ASSETCATALOG_COMPILER_APPICON_NAME = AppIcon;
				CODE_SIGN_IDENTITY = "iPhone Developer";
				CODE_SIGN_STYLE = Automatic;
				DEVELOPMENT_TEAM = 3Z29MLZ4P7;
				INFOPLIST_FILE = "Fitness app/Info.plist";
				LD_RUNPATH_SEARCH_PATHS = (
					"$(inherited)",
					"@executable_path/Frameworks",
				);
				PRODUCT_BUNDLE_IDENTIFIER = "com.Brammer.Fitness-app";
				PRODUCT_NAME = "$(TARGET_NAME)";
				PROVISIONING_PROFILE_SPECIFIER = "";
				SWIFT_VERSION = 4.2;
				TARGETED_DEVICE_FAMILY = "1,2";
			};
			name = Debug;
		};
		54DD9FCC2181B4830043FC3A /* Release */ = {
			isa = XCBuildConfiguration;
			baseConfigurationReference = 09290A30B0F961303CEBCCDD /* Pods-Fitness app.release.xcconfig */;
			buildSettings = {
				ASSETCATALOG_COMPILER_APPICON_NAME = AppIcon;
				CODE_SIGN_IDENTITY = "iPhone Developer";
				CODE_SIGN_STYLE = Automatic;
				DEVELOPMENT_TEAM = 3Z29MLZ4P7;
				INFOPLIST_FILE = "Fitness app/Info.plist";
				LD_RUNPATH_SEARCH_PATHS = (
					"$(inherited)",
					"@executable_path/Frameworks",
				);
				PRODUCT_BUNDLE_IDENTIFIER = "com.Brammer.Fitness-app";
				PRODUCT_NAME = "$(TARGET_NAME)";
				PROVISIONING_PROFILE_SPECIFIER = "";
				SWIFT_VERSION = 4.2;
				TARGETED_DEVICE_FAMILY = "1,2";
			};
			name = Release;
		};
/* End XCBuildConfiguration section */

/* Begin XCConfigurationList section */
		54DD9FB02181B4830043FC3A /* Build configuration list for PBXProject "Fitness app" */ = {
			isa = XCConfigurationList;
			buildConfigurations = (
				54DD9FC82181B4830043FC3A /* Debug */,
				54DD9FC92181B4830043FC3A /* Release */,
			);
			defaultConfigurationIsVisible = 0;
			defaultConfigurationName = Release;
		};
		54DD9FCA2181B4830043FC3A /* Build configuration list for PBXNativeTarget "Fitness app" */ = {
			isa = XCConfigurationList;
			buildConfigurations = (
				54DD9FCB2181B4830043FC3A /* Debug */,
				54DD9FCC2181B4830043FC3A /* Release */,
			);
			defaultConfigurationIsVisible = 0;
			defaultConfigurationName = Release;
		};
/* End XCConfigurationList section */

/* Begin XCVersionGroup section */
		542FA3B721E75D040080F254 /* Fitness_app.xcdatamodeld */ = {
			isa = XCVersionGroup;
			children = (
				542FA3B821E75D040080F254 /* Fitness_app.xcdatamodel */,
			);
			currentVersion = 542FA3B821E75D040080F254 /* Fitness_app.xcdatamodel */;
			path = Fitness_app.xcdatamodeld;
			sourceTree = "<group>";
			versionGroupType = wrapper.xcdatamodel;
		};
/* End XCVersionGroup section */
	};
	rootObject = 54DD9FAD2181B4830043FC3A /* Project object */;
}
